// !$*UTF8*$!
{
	archiveVersion = 1;
	classes = {
	};
	objectVersion = 55;
	objects = {

/* Begin PBXBuildFile section */
		01AF0F87279BFD4700967D16 /* AppDelegate.swift in Sources */ = {isa = PBXBuildFile; fileRef = 01AF0F86279BFD4700967D16 /* AppDelegate.swift */; };
		01AF0F90279BFD4700967D16 /* Assets.xcassets in Resources */ = {isa = PBXBuildFile; fileRef = 01AF0F8F279BFD4700967D16 /* Assets.xcassets */; };
		01AF0F93279BFD4700967D16 /* LaunchScreen.storyboard in Resources */ = {isa = PBXBuildFile; fileRef = 01AF0F91279BFD4700967D16 /* LaunchScreen.storyboard */; };
		01AF0F9D279BFD9500967D16 /* HomeViewController.swift in Sources */ = {isa = PBXBuildFile; fileRef = 01AF0F9B279BFD9500967D16 /* HomeViewController.swift */; };
		01AF0F9E279BFD9500967D16 /* HomeViewController.xib in Resources */ = {isa = PBXBuildFile; fileRef = 01AF0F9C279BFD9500967D16 /* HomeViewController.xib */; };
		01AF0FA6279C0D6300967D16 /* CustomButton.swift in Sources */ = {isa = PBXBuildFile; fileRef = 01AF0FA5279C0D6300967D16 /* CustomButton.swift */; };
		01AF0FA8279C121800967D16 /* CustomView.swift in Sources */ = {isa = PBXBuildFile; fileRef = 01AF0FA7279C121800967D16 /* CustomView.swift */; };
/* End PBXBuildFile section */

/* Begin PBXFileReference section */
		01AF0F83279BFD4700967D16 /* Conecta 4.app */ = {isa = PBXFileReference; explicitFileType = wrapper.application; includeInIndex = 0; path = "Conecta 4.app"; sourceTree = BUILT_PRODUCTS_DIR; };
		01AF0F86279BFD4700967D16 /* AppDelegate.swift */ = {isa = PBXFileReference; lastKnownFileType = sourcecode.swift; path = AppDelegate.swift; sourceTree = "<group>"; };
		01AF0F8F279BFD4700967D16 /* Assets.xcassets */ = {isa = PBXFileReference; lastKnownFileType = folder.assetcatalog; path = Assets.xcassets; sourceTree = "<group>"; };
		01AF0F92279BFD4700967D16 /* Base */ = {isa = PBXFileReference; lastKnownFileType = file.storyboard; name = Base; path = Base.lproj/LaunchScreen.storyboard; sourceTree = "<group>"; };
		01AF0F94279BFD4700967D16 /* Info.plist */ = {isa = PBXFileReference; lastKnownFileType = text.plist.xml; path = Info.plist; sourceTree = "<group>"; };
		01AF0F9B279BFD9500967D16 /* HomeViewController.swift */ = {isa = PBXFileReference; lastKnownFileType = sourcecode.swift; path = HomeViewController.swift; sourceTree = "<group>"; };
		01AF0F9C279BFD9500967D16 /* HomeViewController.xib */ = {isa = PBXFileReference; lastKnownFileType = file.xib; path = HomeViewController.xib; sourceTree = "<group>"; };
		01AF0FA5279C0D6300967D16 /* CustomButton.swift */ = {isa = PBXFileReference; lastKnownFileType = sourcecode.swift; path = CustomButton.swift; sourceTree = "<group>"; };
		01AF0FA7279C121800967D16 /* CustomView.swift */ = {isa = PBXFileReference; lastKnownFileType = sourcecode.swift; path = CustomView.swift; sourceTree = "<group>"; };
/* End PBXFileReference section */

/* Begin PBXFrameworksBuildPhase section */
		01AF0F80279BFD4700967D16 /* Frameworks */ = {
			isa = PBXFrameworksBuildPhase;
			buildActionMask = 2147483647;
			files = (
			);
			runOnlyForDeploymentPostprocessing = 0;
		};
/* End PBXFrameworksBuildPhase section */

/* Begin PBXGroup section */
		01AF0F7A279BFD4700967D16 = {
			isa = PBXGroup;
			children = (
				01AF0F85279BFD4700967D16 /* Conecta 4 */,
				01AF0F84279BFD4700967D16 /* Products */,
			);
			sourceTree = "<group>";
		};
		01AF0F84279BFD4700967D16 /* Products */ = {
			isa = PBXGroup;
			children = (
				01AF0F83279BFD4700967D16 /* Conecta 4.app */,
			);
			name = Products;
			sourceTree = "<group>";
		};
		01AF0F85279BFD4700967D16 /* Conecta 4 */ = {
			isa = PBXGroup;
			children = (
				01AF0F86279BFD4700967D16 /* AppDelegate.swift */,
				01AF0F9A279BFD6D00967D16 /* View */,
				01AF0FA0279BFDA700967D16 /* Controller */,
				01AF0FA2279BFDCB00967D16 /* Launch */,
				01AF0FA4279BFE3700967D16 /* Util */,
				01AF0FA3279BFE2900967D16 /* Model */,
				01AF0F8F279BFD4700967D16 /* Assets.xcassets */,
				01AF0F94279BFD4700967D16 /* Info.plist */,
			);
			path = "Conecta 4";
			sourceTree = "<group>";
		};
		01AF0F9A279BFD6D00967D16 /* View */ = {
			isa = PBXGroup;
			children = (
				01AF0F9F279BFD9A00967D16 /* Home */,
			);
			path = View;
			sourceTree = "<group>";
		};
		01AF0F9F279BFD9A00967D16 /* Home */ = {
			isa = PBXGroup;
			children = (
				01AF0F9C279BFD9500967D16 /* HomeViewController.xib */,
			);
			path = Home;
			sourceTree = "<group>";
		};
		01AF0FA0279BFDA700967D16 /* Controller */ = {
			isa = PBXGroup;
			children = (
				01AF0FA1279BFDB500967D16 /* Home */,
			);
			path = Controller;
			sourceTree = "<group>";
		};
		01AF0FA1279BFDB500967D16 /* Home */ = {
			isa = PBXGroup;
			children = (
				01AF0F9B279BFD9500967D16 /* HomeViewController.swift */,
			);
			path = Home;
			sourceTree = "<group>";
		};
		01AF0FA2279BFDCB00967D16 /* Launch */ = {
			isa = PBXGroup;
			children = (
				01AF0F91279BFD4700967D16 /* LaunchScreen.storyboard */,
			);
			path = Launch;
			sourceTree = "<group>";
		};
		01AF0FA3279BFE2900967D16 /* Model */ = {
			isa = PBXGroup;
			children = (
			);
			path = Model;
			sourceTree = "<group>";
		};
		01AF0FA4279BFE3700967D16 /* Util */ = {
			isa = PBXGroup;
			children = (
				01AF0FA5279C0D6300967D16 /* CustomButton.swift */,
				01AF0FA7279C121800967D16 /* CustomView.swift */,
			);
			path = Util;
			sourceTree = "<group>";
		};
/* End PBXGroup section */

/* Begin PBXNativeTarget section */
		01AF0F82279BFD4700967D16 /* Conecta 4 */ = {
			isa = PBXNativeTarget;
			buildConfigurationList = 01AF0F97279BFD4700967D16 /* Build configuration list for PBXNativeTarget "Conecta 4" */;
			buildPhases = (
				01AF0F7F279BFD4700967D16 /* Sources */,
				01AF0F80279BFD4700967D16 /* Frameworks */,
				01AF0F81279BFD4700967D16 /* Resources */,
			);
			buildRules = (
			);
			dependencies = (
			);
			name = "Conecta 4";
			productName = "Conecta 4";
			productReference = 01AF0F83279BFD4700967D16 /* Conecta 4.app */;
			productType = "com.apple.product-type.application";
		};
/* End PBXNativeTarget section */

/* Begin PBXProject section */
		01AF0F7B279BFD4700967D16 /* Project object */ = {
			isa = PBXProject;
			attributes = {
				BuildIndependentTargetsInParallel = 1;
				LastSwiftUpdateCheck = 1320;
				LastUpgradeCheck = 1320;
				TargetAttributes = {
					01AF0F82279BFD4700967D16 = {
						CreatedOnToolsVersion = 13.2.1;
					};
				};
			};
			buildConfigurationList = 01AF0F7E279BFD4700967D16 /* Build configuration list for PBXProject "Conecta 4" */;
			compatibilityVersion = "Xcode 13.0";
			developmentRegion = en;
			hasScannedForEncodings = 0;
			knownRegions = (
				en,
				Base,
			);
			mainGroup = 01AF0F7A279BFD4700967D16;
			productRefGroup = 01AF0F84279BFD4700967D16 /* Products */;
			projectDirPath = "";
			projectRoot = "";
			targets = (
				01AF0F82279BFD4700967D16 /* Conecta 4 */,
			);
		};
/* End PBXProject section */

/* Begin PBXResourcesBuildPhase section */
		01AF0F81279BFD4700967D16 /* Resources */ = {
			isa = PBXResourcesBuildPhase;
			buildActionMask = 2147483647;
			files = (
				01AF0F93279BFD4700967D16 /* LaunchScreen.storyboard in Resources */,
				01AF0F90279BFD4700967D16 /* Assets.xcassets in Resources */,
				01AF0F9E279BFD9500967D16 /* HomeViewController.xib in Resources */,
			);
			runOnlyForDeploymentPostprocessing = 0;
		};
/* End PBXResourcesBuildPhase section */

/* Begin PBXSourcesBuildPhase section */
		01AF0F7F279BFD4700967D16 /* Sources */ = {
			isa = PBXSourcesBuildPhase;
			buildActionMask = 2147483647;
			files = (
				01AF0F87279BFD4700967D16 /* AppDelegate.swift in Sources */,
				01AF0FA8279C121800967D16 /* CustomView.swift in Sources */,
				01AF0F9D279BFD9500967D16 /* HomeViewController.swift in Sources */,
				01AF0FA6279C0D6300967D16 /* CustomButton.swift in Sources */,
			);
			runOnlyForDeploymentPostprocessing = 0;
		};
/* End PBXSourcesBuildPhase section */

/* Begin PBXVariantGroup section */
		01AF0F91279BFD4700967D16 /* LaunchScreen.storyboard */ = {
			isa = PBXVariantGroup;
			children = (
				01AF0F92279BFD4700967D16 /* Base */,
			);
			name = LaunchScreen.storyboard;
			sourceTree = "<group>";
		};
/* End PBXVariantGroup section */

/* Begin XCBuildConfiguration section */
		01AF0F95279BFD4700967D16 /* Debug */ = {
			isa = XCBuildConfiguration;
			buildSettings = {
				ALWAYS_SEARCH_USER_PATHS = NO;
				CLANG_ANALYZER_NONNULL = YES;
				CLANG_ANALYZER_NUMBER_OBJECT_CONVERSION = YES_AGGRESSIVE;
				CLANG_CXX_LANGUAGE_STANDARD = "gnu++17";
				CLANG_CXX_LIBRARY = "libc++";
				CLANG_ENABLE_MODULES = YES;
				CLANG_ENABLE_OBJC_ARC = YES;
				CLANG_ENABLE_OBJC_WEAK = YES;
				CLANG_WARN_BLOCK_CAPTURE_AUTORELEASING = YES;
				CLANG_WARN_BOOL_CONVERSION = YES;
				CLANG_WARN_COMMA = YES;
				CLANG_WARN_CONSTANT_CONVERSION = YES;
				CLANG_WARN_DEPRECATED_OBJC_IMPLEMENTATIONS = YES;
				CLANG_WARN_DIRECT_OBJC_ISA_USAGE = YES_ERROR;
				CLANG_WARN_DOCUMENTATION_COMMENTS = YES;
				CLANG_WARN_EMPTY_BODY = YES;
				CLANG_WARN_ENUM_CONVERSION = YES;
				CLANG_WARN_INFINITE_RECURSION = YES;
				CLANG_WARN_INT_CONVERSION = YES;
				CLANG_WARN_NON_LITERAL_NULL_CONVERSION = YES;
				CLANG_WARN_OBJC_IMPLICIT_RETAIN_SELF = YES;
				CLANG_WARN_OBJC_LITERAL_CONVERSION = YES;
				CLANG_WARN_OBJC_ROOT_CLASS = YES_ERROR;
				CLANG_WARN_QUOTED_INCLUDE_IN_FRAMEWORK_HEADER = YES;
				CLANG_WARN_RANGE_LOOP_ANALYSIS = YES;
				CLANG_WARN_STRICT_PROTOTYPES = YES;
				CLANG_WARN_SUSPICIOUS_MOVE = YES;
				CLANG_WARN_UNGUARDED_AVAILABILITY = YES_AGGRESSIVE;
				CLANG_WARN_UNREACHABLE_CODE = YES;
				CLANG_WARN__DUPLICATE_METHOD_MATCH = YES;
				COPY_PHASE_STRIP = NO;
				DEBUG_INFORMATION_FORMAT = dwarf;
				ENABLE_STRICT_OBJC_MSGSEND = YES;
				ENABLE_TESTABILITY = YES;
				GCC_C_LANGUAGE_STANDARD = gnu11;
				GCC_DYNAMIC_NO_PIC = NO;
				GCC_NO_COMMON_BLOCKS = YES;
				GCC_OPTIMIZATION_LEVEL = 0;
				GCC_PREPROCESSOR_DEFINITIONS = (
					"DEBUG=1",
					"$(inherited)",
				);
				GCC_WARN_64_TO_32_BIT_CONVERSION = YES;
				GCC_WARN_ABOUT_RETURN_TYPE = YES_ERROR;
				GCC_WARN_UNDECLARED_SELECTOR = YES;
				GCC_WARN_UNINITIALIZED_AUTOS = YES_AGGRESSIVE;
				GCC_WARN_UNUSED_FUNCTION = YES;
				GCC_WARN_UNUSED_VARIABLE = YES;
				IPHONEOS_DEPLOYMENT_TARGET = 15.2;
				MTL_ENABLE_DEBUG_INFO = INCLUDE_SOURCE;
				MTL_FAST_MATH = YES;
				ONLY_ACTIVE_ARCH = YES;
				SDKROOT = iphoneos;
				SWIFT_ACTIVE_COMPILATION_CONDITIONS = DEBUG;
				SWIFT_OPTIMIZATION_LEVEL = "-Onone";
			};
			name = Debug;
		};
		01AF0F96279BFD4700967D16 /* Release */ = {
			isa = XCBuildConfiguration;
			buildSettings = {
				ALWAYS_SEARCH_USER_PATHS = NO;
				CLANG_ANALYZER_NONNULL = YES;
				CLANG_ANALYZER_NUMBER_OBJECT_CONVERSION = YES_AGGRESSIVE;
				CLANG_CXX_LANGUAGE_STANDARD = "gnu++17";
				CLANG_CXX_LIBRARY = "libc++";
				CLANG_ENABLE_MODULES = YES;
				CLANG_ENABLE_OBJC_ARC = YES;
				CLANG_ENABLE_OBJC_WEAK = YES;
				CLANG_WARN_BLOCK_CAPTURE_AUTORELEASING = YES;
				CLANG_WARN_BOOL_CONVERSION = YES;
				CLANG_WARN_COMMA = YES;
				CLANG_WARN_CONSTANT_CONVERSION = YES;
				CLANG_WARN_DEPRECATED_OBJC_IMPLEMENTATIONS = YES;
				CLANG_WARN_DIRECT_OBJC_ISA_USAGE = YES_ERROR;
				CLANG_WARN_DOCUMENTATION_COMMENTS = YES;
				CLANG_WARN_EMPTY_BODY = YES;
				CLANG_WARN_ENUM_CONVERSION = YES;
				CLANG_WARN_INFINITE_RECURSION = YES;
				CLANG_WARN_INT_CONVERSION = YES;
				CLANG_WARN_NON_LITERAL_NULL_CONVERSION = YES;
				CLANG_WARN_OBJC_IMPLICIT_RETAIN_SELF = YES;
				CLANG_WARN_OBJC_LITERAL_CONVERSION = YES;
				CLANG_WARN_OBJC_ROOT_CLASS = YES_ERROR;
				CLANG_WARN_QUOTED_INCLUDE_IN_FRAMEWORK_HEADER = YES;
				CLANG_WARN_RANGE_LOOP_ANALYSIS = YES;
				CLANG_WARN_STRICT_PROTOTYPES = YES;
				CLANG_WARN_SUSPICIOUS_MOVE = YES;
				CLANG_WARN_UNGUARDED_AVAILABILITY = YES_AGGRESSIVE;
				CLANG_WARN_UNREACHABLE_CODE = YES;
				CLANG_WARN__DUPLICATE_METHOD_MATCH = YES;
				COPY_PHASE_STRIP = NO;
				DEBUG_INFORMATION_FORMAT = "dwarf-with-dsym";
				ENABLE_NS_ASSERTIONS = NO;
				ENABLE_STRICT_OBJC_MSGSEND = YES;
				GCC_C_LANGUAGE_STANDARD = gnu11;
				GCC_NO_COMMON_BLOCKS = YES;
				GCC_WARN_64_TO_32_BIT_CONVERSION = YES;
				GCC_WARN_ABOUT_RETURN_TYPE = YES_ERROR;
				GCC_WARN_UNDECLARED_SELECTOR = YES;
				GCC_WARN_UNINITIALIZED_AUTOS = YES_AGGRESSIVE;
				GCC_WARN_UNUSED_FUNCTION = YES;
				GCC_WARN_UNUSED_VARIABLE = YES;
				IPHONEOS_DEPLOYMENT_TARGET = 15.2;
				MTL_ENABLE_DEBUG_INFO = NO;
				MTL_FAST_MATH = YES;
				SDKROOT = iphoneos;
				SWIFT_COMPILATION_MODE = wholemodule;
				SWIFT_OPTIMIZATION_LEVEL = "-O";
				VALIDATE_PRODUCT = YES;
			};
			name = Release;
		};
		01AF0F98279BFD4700967D16 /* Debug */ = {
			isa = XCBuildConfiguration;
			buildSettings = {
				ASSETCATALOG_COMPILER_APPICON_NAME = AppIcon;
				ASSETCATALOG_COMPILER_GLOBAL_ACCENT_COLOR_NAME = AccentColor;
				ASSETCATALOG_COMPILER_INCLUDE_ALL_APPICON_ASSETS = YES;
				CODE_SIGN_STYLE = Automatic;
				CURRENT_PROJECT_VERSION = 1;
				DEVELOPMENT_TEAM = QQJFMK2HS3;
				GENERATE_INFOPLIST_FILE = YES;
				INFOPLIST_FILE = "Conecta 4/Info.plist";
				INFOPLIST_KEY_CFBundleDisplayName = "Conecta 4";
				INFOPLIST_KEY_UIApplicationSupportsIndirectInputEvents = YES;
				INFOPLIST_KEY_UILaunchStoryboardName = LaunchScreen;
				INFOPLIST_KEY_UISupportedInterfaceOrientations = UIInterfaceOrientationPortrait;
				INFOPLIST_KEY_UISupportedInterfaceOrientations_iPad = "UIInterfaceOrientationPortrait UIInterfaceOrientationPortraitUpsideDown UIInterfaceOrientationLandscapeLeft UIInterfaceOrientationLandscapeRight";
				INFOPLIST_KEY_UISupportedInterfaceOrientations_iPhone = "UIInterfaceOrientationPortrait UIInterfaceOrientationLandscapeLeft UIInterfaceOrientationLandscapeRight";
				IPHONEOS_DEPLOYMENT_TARGET = 13.0;
				LD_RUNPATH_SEARCH_PATHS = (
					"$(inherited)",
					"@executable_path/Frameworks",
				);
				MARKETING_VERSION = 1.0;
				PRODUCT_BUNDLE_IDENTIFIER = "com.knela.Conecta-4";
				PRODUCT_NAME = "$(TARGET_NAME)";
				SWIFT_EMIT_LOC_STRINGS = YES;
				SWIFT_VERSION = 5.0;
				TARGETED_DEVICE_FAMILY = "1,2";
			};
			name = Debug;
		};
		01AF0F99279BFD4700967D16 /* Release */ = {
			isa = XCBuildConfiguration;
			buildSettings = {
				ASSETCATALOG_COMPILER_APPICON_NAME = AppIcon;
				ASSETCATALOG_COMPILER_GLOBAL_ACCENT_COLOR_NAME = AccentColor;
				ASSETCATALOG_COMPILER_INCLUDE_ALL_APPICON_ASSETS = YES;
				CODE_SIGN_STYLE = Automatic;
				CURRENT_PROJECT_VERSION = 1;
				DEVELOPMENT_TEAM = QQJFMK2HS3;
				GENERATE_INFOPLIST_FILE = YES;
				INFOPLIST_FILE = "Conecta 4/Info.plist";
				INFOPLIST_KEY_CFBundleDisplayName = "Conecta 4";
				INFOPLIST_KEY_UIApplicationSupportsIndirectInputEvents = YES;
				INFOPLIST_KEY_UILaunchStoryboardName = LaunchScreen;
				INFOPLIST_KEY_UISupportedInterfaceOrientations = UIInterfaceOrientationPortrait;
				INFOPLIST_KEY_UISupportedInterfaceOrientations_iPad = "UIInterfaceOrientationPortrait UIInterfaceOrientationPortraitUpsideDown UIInterfaceOrientationLandscapeLeft UIInterfaceOrientationLandscapeRight";
				INFOPLIST_KEY_UISupportedInterfaceOrientations_iPhone = "UIInterfaceOrientationPortrait UIInterfaceOrientationLandscapeLeft UIInterfaceOrientationLandscapeRight";
				IPHONEOS_DEPLOYMENT_TARGET = 13.0;
				LD_RUNPATH_SEARCH_PATHS = (
					"$(inherited)",
					"@executable_path/Frameworks",
				);
				MARKETING_VERSION = 1.0;
				PRODUCT_BUNDLE_IDENTIFIER = "com.knela.Conecta-4";
				PRODUCT_NAME = "$(TARGET_NAME)";
				SWIFT_EMIT_LOC_STRINGS = YES;
				SWIFT_VERSION = 5.0;
				TARGETED_DEVICE_FAMILY = "1,2";
			};
			name = Release;
		};
/* End XCBuildConfiguration section */

/* Begin XCConfigurationList section */
		01AF0F7E279BFD4700967D16 /* Build configuration list for PBXProject "Conecta 4" */ = {
			isa = XCConfigurationList;
			buildConfigurations = (
				01AF0F95279BFD4700967D16 /* Debug */,
				01AF0F96279BFD4700967D16 /* Release */,
			);
			defaultConfigurationIsVisible = 0;
			defaultConfigurationName = Release;
		};
		01AF0F97279BFD4700967D16 /* Build configuration list for PBXNativeTarget "Conecta 4" */ = {
			isa = XCConfigurationList;
			buildConfigurations = (
				01AF0F98279BFD4700967D16 /* Debug */,
				01AF0F99279BFD4700967D16 /* Release */,
			);
			defaultConfigurationIsVisible = 0;
			defaultConfigurationName = Release;
		};
/* End XCConfigurationList section */
	};
	rootObject = 01AF0F7B279BFD4700967D16 /* Project object */;
}
